
Microsoft Visual Studio Solution File, Format Version 12.00
# Visual Studio Version 16
VisualStudioVersion = 16.0.31624.102
MinimumVisualStudioVersion = 10.0.40219.1
Project("{9A19103F-16F7-4668-BE54-9A1E7A4F7556}") = "DIO.Series", "DIO.Series.csproj", "{A8F52587-9E11-4DB5-B30F-CBFFE46277F0}"
EndProject
Global
	GlobalSection(SolutionConfigurationPlatforms) = preSolution
		Debug|Any CPU = Debug|Any CPU
		Release|Any CPU = Release|Any CPU
	EndGlobalSection
	GlobalSection(ProjectConfigurationPlatforms) = postSolution
		{A8F52587-9E11-4DB5-B30F-CBFFE46277F0}.Debug|Any CPU.ActiveCfg = Debug|Any CPU
		{A8F52587-9E11-4DB5-B30F-CBFFE46277F0}.Debug|Any CPU.Build.0 = Debug|Any CPU
		{A8F52587-9E11-4DB5-B30F-CBFFE46277F0}.Release|Any CPU.ActiveCfg = Release|Any CPU
		{A8F52587-9E11-4DB5-B30F-CBFFE46277F0}.Release|Any CPU.Build.0 = Release|Any CPU
	EndGlobalSection
	GlobalSection(SolutionProperties) = preSolution
		HideSolutionNode = FALSE
	EndGlobalSection
	GlobalSection(ExtensibilityGlobals) = postSolution
		SolutionGuid = {ADA46E74-FA07-4CDF-8FFE-0478635658DC}
	EndGlobalSection
EndGlobal
