
Microsoft Visual Studio Solution File, Format Version 11.00
# Visual Studio 2010
# SharpDevelop 5.1
Project("{FAE04EC0-301F-11D3-BF4B-00C04F79EFBC}") = "caracteres_progressivos", "caracteres_progressivos.csproj", "{CF34B4AB-5AF2-41C7-B116-02CD7D47D36D}"
EndProject
Global
	GlobalSection(SolutionConfigurationPlatforms) = preSolution
		Debug|Any CPU = Debug|Any CPU
		Release|Any CPU = Release|Any CPU
	EndGlobalSection
	GlobalSection(ProjectConfigurationPlatforms) = postSolution
		{CF34B4AB-5AF2-41C7-B116-02CD7D47D36D}.Debug|Any CPU.ActiveCfg = Debug|Any CPU
		{CF34B4AB-5AF2-41C7-B116-02CD7D47D36D}.Debug|Any CPU.Build.0 = Debug|Any CPU
		{CF34B4AB-5AF2-41C7-B116-02CD7D47D36D}.Release|Any CPU.ActiveCfg = Release|Any CPU
		{CF34B4AB-5AF2-41C7-B116-02CD7D47D36D}.Release|Any CPU.Build.0 = Release|Any CPU
	EndGlobalSection
EndGlobal
